// !$*UTF8*$!
{
	archiveVersion = 1;
	classes = {
	};
	objectVersion = 46;
	objects = {

/* Begin PBXBuildFile section */
		A66F56C61D8812E900E2767D /* AppDelegate.swift in Sources */ = {isa = PBXBuildFile; fileRef = A66F56C51D8812E900E2767D /* AppDelegate.swift */; };
		A66F56CB1D8812E900E2767D /* Main.storyboard in Resources */ = {isa = PBXBuildFile; fileRef = A66F56C91D8812E900E2767D /* Main.storyboard */; };
		A66F56CE1D8812E900E2767D /* WebBrowser.xcdatamodeld in Sources */ = {isa = PBXBuildFile; fileRef = A66F56CC1D8812E900E2767D /* WebBrowser.xcdatamodeld */; };
		A66F56D01D8812E900E2767D /* Assets.xcassets in Resources */ = {isa = PBXBuildFile; fileRef = A66F56CF1D8812E900E2767D /* Assets.xcassets */; };
		A66F56D31D8812E900E2767D /* LaunchScreen.storyboard in Resources */ = {isa = PBXBuildFile; fileRef = A66F56D11D8812E900E2767D /* LaunchScreen.storyboard */; };
		A66F56DB1D8816EA00E2767D /* MainNaviViewController.swift in Sources */ = {isa = PBXBuildFile; fileRef = A66F56DA1D8816EA00E2767D /* MainNaviViewController.swift */; };
		A66F56DE1D88174500E2767D /* MainViewController.swift in Sources */ = {isa = PBXBuildFile; fileRef = A66F56DD1D88174500E2767D /* MainViewController.swift */; };
/* End PBXBuildFile section */

/* Begin PBXFileReference section */
		A66F56C21D8812E900E2767D /* WebBrowser.app */ = {isa = PBXFileReference; explicitFileType = wrapper.application; includeInIndex = 0; path = WebBrowser.app; sourceTree = BUILT_PRODUCTS_DIR; };
		A66F56C51D8812E900E2767D /* AppDelegate.swift */ = {isa = PBXFileReference; lastKnownFileType = sourcecode.swift; path = AppDelegate.swift; sourceTree = "<group>"; };
		A66F56CA1D8812E900E2767D /* Base */ = {isa = PBXFileReference; lastKnownFileType = file.storyboard; name = Base; path = Base.lproj/Main.storyboard; sourceTree = "<group>"; };
		A66F56CD1D8812E900E2767D /* WebBrowser.xcdatamodel */ = {isa = PBXFileReference; lastKnownFileType = wrapper.xcdatamodel; path = WebBrowser.xcdatamodel; sourceTree = "<group>"; };
		A66F56CF1D8812E900E2767D /* Assets.xcassets */ = {isa = PBXFileReference; lastKnownFileType = folder.assetcatalog; path = Assets.xcassets; sourceTree = "<group>"; };
		A66F56D21D8812E900E2767D /* Base */ = {isa = PBXFileReference; lastKnownFileType = file.storyboard; name = Base; path = Base.lproj/LaunchScreen.storyboard; sourceTree = "<group>"; };
		A66F56D41D8812E900E2767D /* Info.plist */ = {isa = PBXFileReference; lastKnownFileType = text.plist.xml; path = Info.plist; sourceTree = "<group>"; };
		A66F56DA1D8816EA00E2767D /* MainNaviViewController.swift */ = {isa = PBXFileReference; fileEncoding = 4; lastKnownFileType = sourcecode.swift; path = MainNaviViewController.swift; sourceTree = "<group>"; };
		A66F56DD1D88174500E2767D /* MainViewController.swift */ = {isa = PBXFileReference; fileEncoding = 4; lastKnownFileType = sourcecode.swift; path = MainViewController.swift; sourceTree = "<group>"; };
/* End PBXFileReference section */

/* Begin PBXFrameworksBuildPhase section */
		A66F56BF1D8812E900E2767D /* Frameworks */ = {
			isa = PBXFrameworksBuildPhase;
			buildActionMask = 2147483647;
			files = (
			);
			runOnlyForDeploymentPostprocessing = 0;
		};
/* End PBXFrameworksBuildPhase section */

/* Begin PBXGroup section */
		A66F56B91D8812E900E2767D = {
			isa = PBXGroup;
			children = (
				A66F56C41D8812E900E2767D /* WebBrowser */,
				A66F56C31D8812E900E2767D /* Products */,
			);
			sourceTree = "<group>";
		};
		A66F56C31D8812E900E2767D /* Products */ = {
			isa = PBXGroup;
			children = (
				A66F56C21D8812E900E2767D /* WebBrowser.app */,
			);
			name = Products;
			sourceTree = "<group>";
		};
		A66F56C41D8812E900E2767D /* WebBrowser */ = {
			isa = PBXGroup;
			children = (
				A66F56C51D8812E900E2767D /* AppDelegate.swift */,
				A66F56DC1D8816EE00E2767D /* Controllers */,
				A66F56C91D8812E900E2767D /* Main.storyboard */,
				A66F56CF1D8812E900E2767D /* Assets.xcassets */,
				A66F56D11D8812E900E2767D /* LaunchScreen.storyboard */,
				A66F56D41D8812E900E2767D /* Info.plist */,
				A66F56CC1D8812E900E2767D /* WebBrowser.xcdatamodeld */,
			);
			path = WebBrowser;
			sourceTree = "<group>";
		};
		A66F56DC1D8816EE00E2767D /* Controllers */ = {
			isa = PBXGroup;
			children = (
				A66F56DA1D8816EA00E2767D /* MainNaviViewController.swift */,
				A66F56DD1D88174500E2767D /* MainViewController.swift */,
			);
			name = Controllers;
			sourceTree = "<group>";
		};
/* End PBXGroup section */

/* Begin PBXNativeTarget section */
		A66F56C11D8812E900E2767D /* WebBrowser */ = {
			isa = PBXNativeTarget;
			buildConfigurationList = A66F56D71D8812E900E2767D /* Build configuration list for PBXNativeTarget "WebBrowser" */;
			buildPhases = (
				A66F56BE1D8812E900E2767D /* Sources */,
				A66F56BF1D8812E900E2767D /* Frameworks */,
				A66F56C01D8812E900E2767D /* Resources */,
			);
			buildRules = (
			);
			dependencies = (
			);
			name = WebBrowser;
			productName = WebBrowser;
			productReference = A66F56C21D8812E900E2767D /* WebBrowser.app */;
			productType = "com.apple.product-type.application";
		};
/* End PBXNativeTarget section */

/* Begin PBXProject section */
		A66F56BA1D8812E900E2767D /* Project object */ = {
			isa = PBXProject;
			attributes = {
				LastSwiftUpdateCheck = 0730;
				LastUpgradeCheck = 0730;
				ORGANIZATIONNAME = "Alexsander Khitev";
				TargetAttributes = {
					A66F56C11D8812E900E2767D = {
						CreatedOnToolsVersion = 7.3.1;
					};
				};
			};
			buildConfigurationList = A66F56BD1D8812E900E2767D /* Build configuration list for PBXProject "WebBrowser" */;
			compatibilityVersion = "Xcode 3.2";
			developmentRegion = English;
			hasScannedForEncodings = 0;
			knownRegions = (
				en,
				Base,
			);
			mainGroup = A66F56B91D8812E900E2767D;
			productRefGroup = A66F56C31D8812E900E2767D /* Products */;
			projectDirPath = "";
			projectRoot = "";
			targets = (
				A66F56C11D8812E900E2767D /* WebBrowser */,
			);
		};
/* End PBXProject section */

/* Begin PBXResourcesBuildPhase section */
		A66F56C01D8812E900E2767D /* Resources */ = {
			isa = PBXResourcesBuildPhase;
			buildActionMask = 2147483647;
			files = (
				A66F56D31D8812E900E2767D /* LaunchScreen.storyboard in Resources */,
				A66F56D01D8812E900E2767D /* Assets.xcassets in Resources */,
				A66F56CB1D8812E900E2767D /* Main.storyboard in Resources */,
			);
			runOnlyForDeploymentPostprocessing = 0;
		};
/* End PBXResourcesBuildPhase section */

/* Begin PBXSourcesBuildPhase section */
		A66F56BE1D8812E900E2767D /* Sources */ = {
			isa = PBXSourcesBuildPhase;
			buildActionMask = 2147483647;
			files = (
				A66F56CE1D8812E900E2767D /* WebBrowser.xcdatamodeld in Sources */,
				A66F56C61D8812E900E2767D /* AppDelegate.swift in Sources */,
				A66F56DB1D8816EA00E2767D /* MainNaviViewController.swift in Sources */,
				A66F56DE1D88174500E2767D /* MainViewController.swift in Sources */,
			);
			runOnlyForDeploymentPostprocessing = 0;
		};
/* End PBXSourcesBuildPhase section */

/* Begin PBXVariantGroup section */
		A66F56C91D8812E900E2767D /* Main.storyboard */ = {
			isa = PBXVariantGroup;
			children = (
				A66F56CA1D8812E900E2767D /* Base */,
			);
			name = Main.storyboard;
			sourceTree = "<group>";
		};
		A66F56D11D8812E900E2767D /* LaunchScreen.storyboard */ = {
			isa = PBXVariantGroup;
			children = (
				A66F56D21D8812E900E2767D /* Base */,
			);
			name = LaunchScreen.storyboard;
			sourceTree = "<group>";
		};
/* End PBXVariantGroup section */

/* Begin XCBuildConfiguration section */
		A66F56D51D8812E900E2767D /* Debug */ = {
			isa = XCBuildConfiguration;
			buildSettings = {
				ALWAYS_SEARCH_USER_PATHS = NO;
				CLANG_ANALYZER_NONNULL = YES;
				CLANG_CXX_LANGUAGE_STANDARD = "gnu++0x";
				CLANG_CXX_LIBRARY = "libc++";
				CLANG_ENABLE_MODULES = YES;
				CLANG_ENABLE_OBJC_ARC = YES;
				CLANG_WARN_BOOL_CONVERSION = YES;
				CLANG_WARN_CONSTANT_CONVERSION = YES;
				CLANG_WARN_DIRECT_OBJC_ISA_USAGE = YES_ERROR;
				CLANG_WARN_EMPTY_BODY = YES;
				CLANG_WARN_ENUM_CONVERSION = YES;
				CLANG_WARN_INT_CONVERSION = YES;
				CLANG_WARN_OBJC_ROOT_CLASS = YES_ERROR;
				CLANG_WARN_UNREACHABLE_CODE = YES;
				CLANG_WARN__DUPLICATE_METHOD_MATCH = YES;
				"CODE_SIGN_IDENTITY[sdk=iphoneos*]" = "iPhone Developer";
				COPY_PHASE_STRIP = NO;
				DEBUG_INFORMATION_FORMAT = dwarf;
				ENABLE_STRICT_OBJC_MSGSEND = YES;
				ENABLE_TESTABILITY = YES;
				GCC_C_LANGUAGE_STANDARD = gnu99;
				GCC_DYNAMIC_NO_PIC = NO;
				GCC_NO_COMMON_BLOCKS = YES;
				GCC_OPTIMIZATION_LEVEL = 0;
				GCC_PREPROCESSOR_DEFINITIONS = (
					"DEBUG=1",
					"$(inherited)",
				);
				GCC_WARN_64_TO_32_BIT_CONVERSION = YES;
				GCC_WARN_ABOUT_RETURN_TYPE = YES_ERROR;
				GCC_WARN_UNDECLARED_SELECTOR = YES;
				GCC_WARN_UNINITIALIZED_AUTOS = YES_AGGRESSIVE;
				GCC_WARN_UNUSED_FUNCTION = YES;
				GCC_WARN_UNUSED_VARIABLE = YES;
				IPHONEOS_DEPLOYMENT_TARGET = 9.3;
				MTL_ENABLE_DEBUG_INFO = YES;
				ONLY_ACTIVE_ARCH = YES;
				SDKROOT = iphoneos;
				SWIFT_OPTIMIZATION_LEVEL = "-Onone";
			};
			name = Debug;
		};
		A66F56D61D8812E900E2767D /* Release */ = {
			isa = XCBuildConfiguration;
			buildSettings = {
				ALWAYS_SEARCH_USER_PATHS = NO;
				CLANG_ANALYZER_NONNULL = YES;
				CLANG_CXX_LANGUAGE_STANDARD = "gnu++0x";
				CLANG_CXX_LIBRARY = "libc++";
				CLANG_ENABLE_MODULES = YES;
				CLANG_ENABLE_OBJC_ARC = YES;
				CLANG_WARN_BOOL_CONVERSION = YES;
				CLANG_WARN_CONSTANT_CONVERSION = YES;
				CLANG_WARN_DIRECT_OBJC_ISA_USAGE = YES_ERROR;
				CLANG_WARN_EMPTY_BODY = YES;
				CLANG_WARN_ENUM_CONVERSION = YES;
				CLANG_WARN_INT_CONVERSION = YES;
				CLANG_WARN_OBJC_ROOT_CLASS = YES_ERROR;
				CLANG_WARN_UNREACHABLE_CODE = YES;
				CLANG_WARN__DUPLICATE_METHOD_MATCH = YES;
				"CODE_SIGN_IDENTITY[sdk=iphoneos*]" = "iPhone Developer";
				COPY_PHASE_STRIP = NO;
				DEBUG_INFORMATION_FORMAT = "dwarf-with-dsym";
				ENABLE_NS_ASSERTIONS = NO;
				ENABLE_STRICT_OBJC_MSGSEND = YES;
				GCC_C_LANGUAGE_STANDARD = gnu99;
				GCC_NO_COMMON_BLOCKS = YES;
				GCC_WARN_64_TO_32_BIT_CONVERSION = YES;
				GCC_WARN_ABOUT_RETURN_TYPE = YES_ERROR;
				GCC_WARN_UNDECLARED_SELECTOR = YES;
				GCC_WARN_UNINITIALIZED_AUTOS = YES_AGGRESSIVE;
				GCC_WARN_UNUSED_FUNCTION = YES;
				GCC_WARN_UNUSED_VARIABLE = YES;
				IPHONEOS_DEPLOYMENT_TARGET = 9.3;
				MTL_ENABLE_DEBUG_INFO = NO;
				SDKROOT = iphoneos;
				VALIDATE_PRODUCT = YES;
			};
			name = Release;
		};
		A66F56D81D8812E900E2767D /* Debug */ = {
			isa = XCBuildConfiguration;
			buildSettings = {
				ASSETCATALOG_COMPILER_APPICON_NAME = AppIcon;
				INFOPLIST_FILE = WebBrowser/Info.plist;
				LD_RUNPATH_SEARCH_PATHS = "$(inherited) @executable_path/Frameworks";
				PRODUCT_BUNDLE_IDENTIFIER = "Alexsander-Khitev.WebBrowser";
				PRODUCT_NAME = "$(TARGET_NAME)";
			};
			name = Debug;
		};
		A66F56D91D8812E900E2767D /* Release */ = {
			isa = XCBuildConfiguration;
			buildSettings = {
				ASSETCATALOG_COMPILER_APPICON_NAME = AppIcon;
				INFOPLIST_FILE = WebBrowser/Info.plist;
				LD_RUNPATH_SEARCH_PATHS = "$(inherited) @executable_path/Frameworks";
				PRODUCT_BUNDLE_IDENTIFIER = "Alexsander-Khitev.WebBrowser";
				PRODUCT_NAME = "$(TARGET_NAME)";
			};
			name = Release;
		};
/* End XCBuildConfiguration section */

/* Begin XCConfigurationList section */
		A66F56BD1D8812E900E2767D /* Build configuration list for PBXProject "WebBrowser" */ = {
			isa = XCConfigurationList;
			buildConfigurations = (
				A66F56D51D8812E900E2767D /* Debug */,
				A66F56D61D8812E900E2767D /* Release */,
			);
			defaultConfigurationIsVisible = 0;
			defaultConfigurationName = Release;
		};
		A66F56D71D8812E900E2767D /* Build configuration list for PBXNativeTarget "WebBrowser" */ = {
			isa = XCConfigurationList;
			buildConfigurations = (
				A66F56D81D8812E900E2767D /* Debug */,
				A66F56D91D8812E900E2767D /* Release */,
			);
			defaultConfigurationIsVisible = 0;
		};
/* End XCConfigurationList section */

/* Begin XCVersionGroup section */
		A66F56CC1D8812E900E2767D /* WebBrowser.xcdatamodeld */ = {
			isa = XCVersionGroup;
			children = (
				A66F56CD1D8812E900E2767D /* WebBrowser.xcdatamodel */,
			);
			currentVersion = A66F56CD1D8812E900E2767D /* WebBrowser.xcdatamodel */;
			path = WebBrowser.xcdatamodeld;
			sourceTree = "<group>";
			versionGroupType = wrapper.xcdatamodel;
		};
/* End XCVersionGroup section */
	};
	rootObject = A66F56BA1D8812E900E2767D /* Project object */;
}
